
Microsoft Visual Studio Solution File, Format Version 12.00
# Visual Studio Version 16
VisualStudioVersion = 16.0.33927.289
MinimumVisualStudioVersion = 10.0.40219.1
Project("{2150E333-8FDC-42A3-9474-1A3956D46DE8}") = "Task0", "Task0", "{075E8A14-6D07-408F-9C7B-4D678C522405}"
EndProject
Project("{FAE04EC0-301F-11D3-BF4B-00C04F79EFBC}") = "Tyuiu.BorodulinMS.Sprint0.Task0.V0", "Tyuiu.BorodulinMS.Sprint0.Task0.V0\Tyuiu.BorodulinMS.Sprint0.Task0.V0.csproj", "{2F733829-4BAD-4890-A40C-2161DFC747C6}"
EndProject
Project("{2150E333-8FDC-42A3-9474-1A3956D46DE8}") = "Task1", "Task1", "{2BB7A755-ACDD-458D-B9BF-C50738A25FF2}"
EndProject
Project("{FAE04EC0-301F-11D3-BF4B-00C04F79EFBC}") = "Tyuiu.BorodulinMS.Sprint0.Task1.V0", "Tyuiu.BorodulinMS.Sprint0.Task1.V0\Tyuiu.BorodulinMS.Sprint0.Task1.V0.csproj", "{72A7B7D7-24DB-4825-8F29-B94BB9FD6A4E}"
EndProject
Project("{2150E333-8FDC-42A3-9474-1A3956D46DE8}") = "Task2", "Task2", "{C91BA7C7-F818-4680-8AE2-14A1C04A583A}"
EndProject
Project("{FAE04EC0-301F-11D3-BF4B-00C04F79EFBC}") = "Tyuiu.BorodulinMS.Sprint0.Task2.V0", "Tyuiu.BorodulinMS.Sprint0.Task2.V0\Tyuiu.BorodulinMS.Sprint0.Task2.V0.csproj", "{ABE52A78-9413-43AF-AF31-49A7851D8D60}"
EndProject
Project("{FAE04EC0-301F-11D3-BF4B-00C04F79EFBC}") = "Tyuiu.BorodulinMS.Sprint0.Task2.V0.Lib", "Tyuiu.BorodulinMS.Sprint0.Task2.V0.Lib\Tyuiu.BorodulinMS.Sprint0.Task2.V0.Lib.csproj", "{9BD4B0E2-E9B6-4F41-AD27-B1F6644FD6A3}"
EndProject
Project("{FAE04EC0-301F-11D3-BF4B-00C04F79EFBC}") = "Tyuiu.BorodulinMS.Sprint0.Task2.V0.Test", "Tyuiu.BorodulinMS.Sprint0.Task2.V0.Test\Tyuiu.BorodulinMS.Sprint0.Task2.V0.Test.csproj", "{C0539F2D-1D5F-4FED-B6A4-F53B372C118C}"
EndProject
Project("{2150E333-8FDC-42A3-9474-1A3956D46DE8}") = "Task3", "Task3", "{D24C3052-53A0-4773-BD0B-5028D91751F4}"
EndProject
Project("{FAE04EC0-301F-11D3-BF4B-00C04F79EFBC}") = "Tyuiu.BorodulinMS.Sprint0.Task3.V0", "Tyuiu.BorodulinMS.Sprint0.Task3.V0\Tyuiu.BorodulinMS.Sprint0.Task3.V0.csproj", "{ED18C205-E5D4-4114-BB9A-889148829EBF}"
EndProject
Project("{FAE04EC0-301F-11D3-BF4B-00C04F79EFBC}") = "Tyuiu.BorodulinMS.Sprint0.Task3.V0.Lib", "Tyuiu.BorodulinMS.Sprint0.Task3.V0.Lib\Tyuiu.BorodulinMS.Sprint0.Task3.V0.Lib.csproj", "{611A9997-9265-46B8-894C-B925470B1E48}"
EndProject
Project("{FAE04EC0-301F-11D3-BF4B-00C04F79EFBC}") = "Tyuiu.BorodulinMS.Sprint0.Task3.V0.Test", "Tyuiu.BorodulinMS.Sprint0.Task3.V0.Test\Tyuiu.BorodulinMS.Sprint0.Task3.V0.Test.csproj", "{B5DDA46A-2A62-494E-9583-D9E46DC4A45A}"
EndProject
Global
	GlobalSection(SolutionConfigurationPlatforms) = preSolution
		Debug|Any CPU = Debug|Any CPU
		Release|Any CPU = Release|Any CPU
	EndGlobalSection
	GlobalSection(ProjectConfigurationPlatforms) = postSolution
		{2F733829-4BAD-4890-A40C-2161DFC747C6}.Debug|Any CPU.ActiveCfg = Debug|Any CPU
		{2F733829-4BAD-4890-A40C-2161DFC747C6}.Debug|Any CPU.Build.0 = Debug|Any CPU
		{2F733829-4BAD-4890-A40C-2161DFC747C6}.Release|Any CPU.ActiveCfg = Release|Any CPU
		{2F733829-4BAD-4890-A40C-2161DFC747C6}.Release|Any CPU.Build.0 = Release|Any CPU
		{72A7B7D7-24DB-4825-8F29-B94BB9FD6A4E}.Debug|Any CPU.ActiveCfg = Debug|Any CPU
		{72A7B7D7-24DB-4825-8F29-B94BB9FD6A4E}.Debug|Any CPU.Build.0 = Debug|Any CPU
		{72A7B7D7-24DB-4825-8F29-B94BB9FD6A4E}.Release|Any CPU.ActiveCfg = Release|Any CPU
		{72A7B7D7-24DB-4825-8F29-B94BB9FD6A4E}.Release|Any CPU.Build.0 = Release|Any CPU
		{ABE52A78-9413-43AF-AF31-49A7851D8D60}.Debug|Any CPU.ActiveCfg = Debug|Any CPU
		{ABE52A78-9413-43AF-AF31-49A7851D8D60}.Debug|Any CPU.Build.0 = Debug|Any CPU
		{ABE52A78-9413-43AF-AF31-49A7851D8D60}.Release|Any CPU.ActiveCfg = Release|Any CPU
		{ABE52A78-9413-43AF-AF31-49A7851D8D60}.Release|Any CPU.Build.0 = Release|Any CPU
		{9BD4B0E2-E9B6-4F41-AD27-B1F6644FD6A3}.Debug|Any CPU.ActiveCfg = Debug|Any CPU
		{9BD4B0E2-E9B6-4F41-AD27-B1F6644FD6A3}.Debug|Any CPU.Build.0 = Debug|Any CPU
		{9BD4B0E2-E9B6-4F41-AD27-B1F6644FD6A3}.Release|Any CPU.ActiveCfg = Release|Any CPU
		{9BD4B0E2-E9B6-4F41-AD27-B1F6644FD6A3}.Release|Any CPU.Build.0 = Release|Any CPU
		{C0539F2D-1D5F-4FED-B6A4-F53B372C118C}.Debug|Any CPU.ActiveCfg = Debug|Any CPU
		{C0539F2D-1D5F-4FED-B6A4-F53B372C118C}.Debug|Any CPU.Build.0 = Debug|Any CPU
		{C0539F2D-1D5F-4FED-B6A4-F53B372C118C}.Release|Any CPU.ActiveCfg = Release|Any CPU
		{C0539F2D-1D5F-4FED-B6A4-F53B372C118C}.Release|Any CPU.Build.0 = Release|Any CPU
		{ED18C205-E5D4-4114-BB9A-889148829EBF}.Debug|Any CPU.ActiveCfg = Debug|Any CPU
		{ED18C205-E5D4-4114-BB9A-889148829EBF}.Debug|Any CPU.Build.0 = Debug|Any CPU
		{ED18C205-E5D4-4114-BB9A-889148829EBF}.Release|Any CPU.ActiveCfg = Release|Any CPU
		{ED18C205-E5D4-4114-BB9A-889148829EBF}.Release|Any CPU.Build.0 = Release|Any CPU
		{611A9997-9265-46B8-894C-B925470B1E48}.Debug|Any CPU.ActiveCfg = Debug|Any CPU
		{611A9997-9265-46B8-894C-B925470B1E48}.Debug|Any CPU.Build.0 = Debug|Any CPU
		{611A9997-9265-46B8-894C-B925470B1E48}.Release|Any CPU.ActiveCfg = Release|Any CPU
		{611A9997-9265-46B8-894C-B925470B1E48}.Release|Any CPU.Build.0 = Release|Any CPU
		{B5DDA46A-2A62-494E-9583-D9E46DC4A45A}.Debug|Any CPU.ActiveCfg = Debug|Any CPU
		{B5DDA46A-2A62-494E-9583-D9E46DC4A45A}.Debug|Any CPU.Build.0 = Debug|Any CPU
		{B5DDA46A-2A62-494E-9583-D9E46DC4A45A}.Release|Any CPU.ActiveCfg = Release|Any CPU
		{B5DDA46A-2A62-494E-9583-D9E46DC4A45A}.Release|Any CPU.Build.0 = Release|Any CPU
	EndGlobalSection
	GlobalSection(SolutionProperties) = preSolution
		HideSolutionNode = FALSE
	EndGlobalSection
	GlobalSection(NestedProjects) = preSolution
		{2F733829-4BAD-4890-A40C-2161DFC747C6} = {075E8A14-6D07-408F-9C7B-4D678C522405}
		{72A7B7D7-24DB-4825-8F29-B94BB9FD6A4E} = {2BB7A755-ACDD-458D-B9BF-C50738A25FF2}
		{ABE52A78-9413-43AF-AF31-49A7851D8D60} = {C91BA7C7-F818-4680-8AE2-14A1C04A583A}
		{9BD4B0E2-E9B6-4F41-AD27-B1F6644FD6A3} = {C91BA7C7-F818-4680-8AE2-14A1C04A583A}
		{C0539F2D-1D5F-4FED-B6A4-F53B372C118C} = {C91BA7C7-F818-4680-8AE2-14A1C04A583A}
		{ED18C205-E5D4-4114-BB9A-889148829EBF} = {D24C3052-53A0-4773-BD0B-5028D91751F4}
		{611A9997-9265-46B8-894C-B925470B1E48} = {D24C3052-53A0-4773-BD0B-5028D91751F4}
		{B5DDA46A-2A62-494E-9583-D9E46DC4A45A} = {D24C3052-53A0-4773-BD0B-5028D91751F4}
	EndGlobalSection
	GlobalSection(ExtensibilityGlobals) = postSolution
		SolutionGuid = {331BBF9E-E1AF-44C1-9534-3B0AEAB79DB3}
	EndGlobalSection
EndGlobal
